
Microsoft Visual Studio Solution File, Format Version 12.00
# Visual Studio 15
VisualStudioVersion = 15.0.27004.2006
MinimumVisualStudioVersion = 10.0.40219.1
Project("{FAE04EC0-301F-11D3-BF4B-00C04F79EFBC}") = "POO1", "POO1\POO1.csproj", "{0A35A189-0CDD-4163-B1A9-7A70EE6D2F97}"
EndProject
Project("{FAE04EC0-301F-11D3-BF4B-00C04F79EFBC}") = "POO2", "POO2\POO2.csproj", "{218B0474-4180-4E68-80EB-A1C3F098D40B}"
EndProject
Project("{FAE04EC0-301F-11D3-BF4B-00C04F79EFBC}") = "TipoDatos", "TipoDatos\TipoDatos.csproj", "{4884C050-EBAB-4B4C-A88D-7274488ED5BA}"
EndProject
Project("{FAE04EC0-301F-11D3-BF4B-00C04F79EFBC}") = "Variables", "Variables\Variables.csproj", "{87FA1DB9-956E-4A77-9350-96D9F6CEACE8}"
EndProject
Project("{FAE04EC0-301F-11D3-BF4B-00C04F79EFBC}") = "OperadoresLogicos", "OperadoresLogicos\OperadoresLogicos.csproj", "{38632F15-DFC2-437B-8FEF-1C7928B37E08}"
EndProject
Project("{FAE04EC0-301F-11D3-BF4B-00C04F79EFBC}") = "EstructurasIterativas", "EstructurasIterativas\EstructurasIterativas.csproj", "{01ADB595-4862-4FA3-ABE2-71CCA361F423}"
EndProject
Project("{FAE04EC0-301F-11D3-BF4B-00C04F79EFBC}") = "Modificadores", "Modificadores\Modificadores.csproj", "{827585B0-091C-4A7B-9D9B-67D56BCA03F8}"
EndProject
Project("{FAE04EC0-301F-11D3-BF4B-00C04F79EFBC}") = "Library", "Library\Library.csproj", "{083F4AD3-CBA2-4651-87D6-F7BEFD0E8C1F}"
EndProject
Project("{FAE04EC0-301F-11D3-BF4B-00C04F79EFBC}") = "Conversiones", "Conversiones\Conversiones.csproj", "{07E7FB6A-AFED-44EB-BBA6-CF67C4AE34F5}"
EndProject
Project("{FAE04EC0-301F-11D3-BF4B-00C04F79EFBC}") = "Colecciones", "Colecciones\Colecciones.csproj", "{BCB34F19-4317-4886-9C3F-C321D4A9A96F}"
EndProject
Project("{FAE04EC0-301F-11D3-BF4B-00C04F79EFBC}") = "Array_List", "Array_List\Array_List.csproj", "{6752920B-3D1B-40D8-9BCB-FD01D67A3D6B}"
EndProject
Project("{FAE04EC0-301F-11D3-BF4B-00C04F79EFBC}") = "StackCollection", "Stack\StackCollection.csproj", "{307D10C3-7379-48F8-8CB5-FE791A86CCE3}"
EndProject
Project("{FAE04EC0-301F-11D3-BF4B-00C04F79EFBC}") = "QueueCollection", "QueueCollection\QueueCollection.csproj", "{DF9268AC-C557-4017-A6EF-596F55E33921}"
EndProject
Project("{FAE04EC0-301F-11D3-BF4B-00C04F79EFBC}") = "Diccionarios", "Diccionarios\Diccionarios.csproj", "{3EF8C358-F6B5-407C-BE0C-6CB444510211}"
EndProject
Project("{FAE04EC0-301F-11D3-BF4B-00C04F79EFBC}") = "GenericList", "GenericList\GenericList.csproj", "{EDF55F2E-C50E-4D50-9FF1-E26AA2446EC9}"
EndProject
Project("{FAE04EC0-301F-11D3-BF4B-00C04F79EFBC}") = "GenericSortedList", "GenericSortedList\GenericSortedList.csproj", "{126196B7-71A5-4179-A71C-6BBAFB26C677}"
EndProject
Project("{FAE04EC0-301F-11D3-BF4B-00C04F79EFBC}") = "GenericDictionary", "GenericDictionary\GenericDictionary.csproj", "{3B1B5142-71C6-48C2-89EE-BE6B24397C9E}"
EndProject
Project("{FAE04EC0-301F-11D3-BF4B-00C04F79EFBC}") = "Herencia", "Herencia\Herencia.csproj", "{4686AF24-6832-4558-8623-F55A934C8B07}"
EndProject
Project("{FAE04EC0-301F-11D3-BF4B-00C04F79EFBC}") = "Musica", "Musica\Musica.csproj", "{890268B6-D4D6-4CD8-9553-E6479AEE69BC}"
EndProject
Project("{FAE04EC0-301F-11D3-BF4B-00C04F79EFBC}") = "AbstractInterface", "Presentacion\AbstractInterface.csproj", "{DB2A2CCA-C8F6-48E8-BC3F-6E8973D6F322}"
EndProject
Project("{FAE04EC0-301F-11D3-BF4B-00C04F79EFBC}") = "Polimorfismo", "Polimorfismo\Polimorfismo.csproj", "{C8AC6778-DDAB-4ACC-9231-FC66ABA4290A}"
EndProject
Project("{FAE04EC0-301F-11D3-BF4B-00C04F79EFBC}") = "LecturaEscritura", "LecturaEscritura\LecturaEscritura.csproj", "{0D28ACA2-B908-4FC9-AB13-711F08C7B527}"
EndProject
Project("{FAE04EC0-301F-11D3-BF4B-00C04F79EFBC}") = "Delegados", "Delegados\Delegados.csproj", "{DA71877E-516B-4F23-AB9E-5CD245278315}"
EndProject
Project("{FAE04EC0-301F-11D3-BF4B-00C04F79EFBC}") = "Hilos", "Hilos\Hilos.csproj", "{C94A1FBF-201D-4FF6-9E3A-9B650B178932}"
EndProject
Project("{FAE04EC0-301F-11D3-BF4B-00C04F79EFBC}") = "AppHilos", "AppHilos\AppHilos.csproj", "{CC16B9EA-3A5A-4A2F-9163-0322E86EFEB1}"
EndProject
Project("{FAE04EC0-301F-11D3-BF4B-00C04F79EFBC}") = "Linq", "Linq\Linq.csproj", "{BD10A458-1BC8-44A4-B9FD-FB9A9E0CCC7B}"
EndProject
Project("{FAE04EC0-301F-11D3-BF4B-00C04F79EFBC}") = "OperadoresLinq", "OperadoresLinq\OperadoresLinq.csproj", "{0C995A31-4767-4319-8FE0-5834141EC264}"
EndProject
Project("{FAE04EC0-301F-11D3-BF4B-00C04F79EFBC}") = "RemoteConnection", "RemoteConnection\RemoteConnection.csproj", "{5A82C845-0099-4C2E-8139-41E1B45B18F7}"
EndProject
Project("{FAE04EC0-301F-11D3-BF4B-00C04F79EFBC}") = "SocketServer", "SocketServer\SocketServer.csproj", "{1F8C4238-CF7A-4D77-A4CB-AB0F31FD55C5}"
EndProject
Project("{FAE04EC0-301F-11D3-BF4B-00C04F79EFBC}") = "SocketClient", "SocketClient\SocketClient.csproj", "{55E9BF51-B1EE-4749-A971-44974F6E5F45}"
EndProject
Project("{FAE04EC0-301F-11D3-BF4B-00C04F79EFBC}") = "AssemblyLibrary", "AssemblyLibrary\AssemblyLibrary.csproj", "{DB36ED31-E601-456E-8B29-90BC1F022511}"
EndProject
Project("{FAE04EC0-301F-11D3-BF4B-00C04F79EFBC}") = "Presentation", "Presentation\Presentation.csproj", "{8DDB75FE-E02E-457C-B031-A91DB1A90190}"
EndProject
Global
	GlobalSection(SolutionConfigurationPlatforms) = preSolution
		Debug|Any CPU = Debug|Any CPU
		Release|Any CPU = Release|Any CPU
	EndGlobalSection
	GlobalSection(ProjectConfigurationPlatforms) = postSolution
		{0A35A189-0CDD-4163-B1A9-7A70EE6D2F97}.Debug|Any CPU.ActiveCfg = Debug|Any CPU
		{0A35A189-0CDD-4163-B1A9-7A70EE6D2F97}.Debug|Any CPU.Build.0 = Debug|Any CPU
		{0A35A189-0CDD-4163-B1A9-7A70EE6D2F97}.Release|Any CPU.ActiveCfg = Release|Any CPU
		{0A35A189-0CDD-4163-B1A9-7A70EE6D2F97}.Release|Any CPU.Build.0 = Release|Any CPU
		{218B0474-4180-4E68-80EB-A1C3F098D40B}.Debug|Any CPU.ActiveCfg = Debug|Any CPU
		{218B0474-4180-4E68-80EB-A1C3F098D40B}.Debug|Any CPU.Build.0 = Debug|Any CPU
		{218B0474-4180-4E68-80EB-A1C3F098D40B}.Release|Any CPU.ActiveCfg = Release|Any CPU
		{218B0474-4180-4E68-80EB-A1C3F098D40B}.Release|Any CPU.Build.0 = Release|Any CPU
		{4884C050-EBAB-4B4C-A88D-7274488ED5BA}.Debug|Any CPU.ActiveCfg = Debug|Any CPU
		{4884C050-EBAB-4B4C-A88D-7274488ED5BA}.Debug|Any CPU.Build.0 = Debug|Any CPU
		{4884C050-EBAB-4B4C-A88D-7274488ED5BA}.Release|Any CPU.ActiveCfg = Release|Any CPU
		{4884C050-EBAB-4B4C-A88D-7274488ED5BA}.Release|Any CPU.Build.0 = Release|Any CPU
		{87FA1DB9-956E-4A77-9350-96D9F6CEACE8}.Debug|Any CPU.ActiveCfg = Debug|Any CPU
		{87FA1DB9-956E-4A77-9350-96D9F6CEACE8}.Debug|Any CPU.Build.0 = Debug|Any CPU
		{87FA1DB9-956E-4A77-9350-96D9F6CEACE8}.Release|Any CPU.ActiveCfg = Release|Any CPU
		{87FA1DB9-956E-4A77-9350-96D9F6CEACE8}.Release|Any CPU.Build.0 = Release|Any CPU
		{38632F15-DFC2-437B-8FEF-1C7928B37E08}.Debug|Any CPU.ActiveCfg = Debug|Any CPU
		{38632F15-DFC2-437B-8FEF-1C7928B37E08}.Debug|Any CPU.Build.0 = Debug|Any CPU
		{38632F15-DFC2-437B-8FEF-1C7928B37E08}.Release|Any CPU.ActiveCfg = Release|Any CPU
		{38632F15-DFC2-437B-8FEF-1C7928B37E08}.Release|Any CPU.Build.0 = Release|Any CPU
		{01ADB595-4862-4FA3-ABE2-71CCA361F423}.Debug|Any CPU.ActiveCfg = Debug|Any CPU
		{01ADB595-4862-4FA3-ABE2-71CCA361F423}.Debug|Any CPU.Build.0 = Debug|Any CPU
		{01ADB595-4862-4FA3-ABE2-71CCA361F423}.Release|Any CPU.ActiveCfg = Release|Any CPU
		{01ADB595-4862-4FA3-ABE2-71CCA361F423}.Release|Any CPU.Build.0 = Release|Any CPU
		{827585B0-091C-4A7B-9D9B-67D56BCA03F8}.Debug|Any CPU.ActiveCfg = Debug|Any CPU
		{827585B0-091C-4A7B-9D9B-67D56BCA03F8}.Debug|Any CPU.Build.0 = Debug|Any CPU
		{827585B0-091C-4A7B-9D9B-67D56BCA03F8}.Release|Any CPU.ActiveCfg = Release|Any CPU
		{827585B0-091C-4A7B-9D9B-67D56BCA03F8}.Release|Any CPU.Build.0 = Release|Any CPU
		{083F4AD3-CBA2-4651-87D6-F7BEFD0E8C1F}.Debug|Any CPU.ActiveCfg = Debug|Any CPU
		{083F4AD3-CBA2-4651-87D6-F7BEFD0E8C1F}.Debug|Any CPU.Build.0 = Debug|Any CPU
		{083F4AD3-CBA2-4651-87D6-F7BEFD0E8C1F}.Release|Any CPU.ActiveCfg = Release|Any CPU
		{083F4AD3-CBA2-4651-87D6-F7BEFD0E8C1F}.Release|Any CPU.Build.0 = Release|Any CPU
		{07E7FB6A-AFED-44EB-BBA6-CF67C4AE34F5}.Debug|Any CPU.ActiveCfg = Debug|Any CPU
		{07E7FB6A-AFED-44EB-BBA6-CF67C4AE34F5}.Debug|Any CPU.Build.0 = Debug|Any CPU
		{07E7FB6A-AFED-44EB-BBA6-CF67C4AE34F5}.Release|Any CPU.ActiveCfg = Release|Any CPU
		{07E7FB6A-AFED-44EB-BBA6-CF67C4AE34F5}.Release|Any CPU.Build.0 = Release|Any CPU
		{BCB34F19-4317-4886-9C3F-C321D4A9A96F}.Debug|Any CPU.ActiveCfg = Debug|Any CPU
		{BCB34F19-4317-4886-9C3F-C321D4A9A96F}.Debug|Any CPU.Build.0 = Debug|Any CPU
		{BCB34F19-4317-4886-9C3F-C321D4A9A96F}.Release|Any CPU.ActiveCfg = Release|Any CPU
		{BCB34F19-4317-4886-9C3F-C321D4A9A96F}.Release|Any CPU.Build.0 = Release|Any CPU
		{6752920B-3D1B-40D8-9BCB-FD01D67A3D6B}.Debug|Any CPU.ActiveCfg = Debug|Any CPU
		{6752920B-3D1B-40D8-9BCB-FD01D67A3D6B}.Debug|Any CPU.Build.0 = Debug|Any CPU
		{6752920B-3D1B-40D8-9BCB-FD01D67A3D6B}.Release|Any CPU.ActiveCfg = Release|Any CPU
		{6752920B-3D1B-40D8-9BCB-FD01D67A3D6B}.Release|Any CPU.Build.0 = Release|Any CPU
		{307D10C3-7379-48F8-8CB5-FE791A86CCE3}.Debug|Any CPU.ActiveCfg = Debug|Any CPU
		{307D10C3-7379-48F8-8CB5-FE791A86CCE3}.Debug|Any CPU.Build.0 = Debug|Any CPU
		{307D10C3-7379-48F8-8CB5-FE791A86CCE3}.Release|Any CPU.ActiveCfg = Release|Any CPU
		{307D10C3-7379-48F8-8CB5-FE791A86CCE3}.Release|Any CPU.Build.0 = Release|Any CPU
		{DF9268AC-C557-4017-A6EF-596F55E33921}.Debug|Any CPU.ActiveCfg = Debug|Any CPU
		{DF9268AC-C557-4017-A6EF-596F55E33921}.Debug|Any CPU.Build.0 = Debug|Any CPU
		{DF9268AC-C557-4017-A6EF-596F55E33921}.Release|Any CPU.ActiveCfg = Release|Any CPU
		{DF9268AC-C557-4017-A6EF-596F55E33921}.Release|Any CPU.Build.0 = Release|Any CPU
		{3EF8C358-F6B5-407C-BE0C-6CB444510211}.Debug|Any CPU.ActiveCfg = Debug|Any CPU
		{3EF8C358-F6B5-407C-BE0C-6CB444510211}.Debug|Any CPU.Build.0 = Debug|Any CPU
		{3EF8C358-F6B5-407C-BE0C-6CB444510211}.Release|Any CPU.ActiveCfg = Release|Any CPU
		{3EF8C358-F6B5-407C-BE0C-6CB444510211}.Release|Any CPU.Build.0 = Release|Any CPU
		{EDF55F2E-C50E-4D50-9FF1-E26AA2446EC9}.Debug|Any CPU.ActiveCfg = Debug|Any CPU
		{EDF55F2E-C50E-4D50-9FF1-E26AA2446EC9}.Debug|Any CPU.Build.0 = Debug|Any CPU
		{EDF55F2E-C50E-4D50-9FF1-E26AA2446EC9}.Release|Any CPU.ActiveCfg = Release|Any CPU
		{EDF55F2E-C50E-4D50-9FF1-E26AA2446EC9}.Release|Any CPU.Build.0 = Release|Any CPU
		{126196B7-71A5-4179-A71C-6BBAFB26C677}.Debug|Any CPU.ActiveCfg = Debug|Any CPU
		{126196B7-71A5-4179-A71C-6BBAFB26C677}.Debug|Any CPU.Build.0 = Debug|Any CPU
		{126196B7-71A5-4179-A71C-6BBAFB26C677}.Release|Any CPU.ActiveCfg = Release|Any CPU
		{126196B7-71A5-4179-A71C-6BBAFB26C677}.Release|Any CPU.Build.0 = Release|Any CPU
		{3B1B5142-71C6-48C2-89EE-BE6B24397C9E}.Debug|Any CPU.ActiveCfg = Debug|Any CPU
		{3B1B5142-71C6-48C2-89EE-BE6B24397C9E}.Debug|Any CPU.Build.0 = Debug|Any CPU
		{3B1B5142-71C6-48C2-89EE-BE6B24397C9E}.Release|Any CPU.ActiveCfg = Release|Any CPU
		{3B1B5142-71C6-48C2-89EE-BE6B24397C9E}.Release|Any CPU.Build.0 = Release|Any CPU
		{4686AF24-6832-4558-8623-F55A934C8B07}.Debug|Any CPU.ActiveCfg = Debug|Any CPU
		{4686AF24-6832-4558-8623-F55A934C8B07}.Debug|Any CPU.Build.0 = Debug|Any CPU
		{4686AF24-6832-4558-8623-F55A934C8B07}.Release|Any CPU.ActiveCfg = Release|Any CPU
		{4686AF24-6832-4558-8623-F55A934C8B07}.Release|Any CPU.Build.0 = Release|Any CPU
		{890268B6-D4D6-4CD8-9553-E6479AEE69BC}.Debug|Any CPU.ActiveCfg = Debug|Any CPU
		{890268B6-D4D6-4CD8-9553-E6479AEE69BC}.Debug|Any CPU.Build.0 = Debug|Any CPU
		{890268B6-D4D6-4CD8-9553-E6479AEE69BC}.Release|Any CPU.ActiveCfg = Release|Any CPU
		{890268B6-D4D6-4CD8-9553-E6479AEE69BC}.Release|Any CPU.Build.0 = Release|Any CPU
		{DB2A2CCA-C8F6-48E8-BC3F-6E8973D6F322}.Debug|Any CPU.ActiveCfg = Debug|Any CPU
		{DB2A2CCA-C8F6-48E8-BC3F-6E8973D6F322}.Debug|Any CPU.Build.0 = Debug|Any CPU
		{DB2A2CCA-C8F6-48E8-BC3F-6E8973D6F322}.Release|Any CPU.ActiveCfg = Release|Any CPU
		{DB2A2CCA-C8F6-48E8-BC3F-6E8973D6F322}.Release|Any CPU.Build.0 = Release|Any CPU
		{C8AC6778-DDAB-4ACC-9231-FC66ABA4290A}.Debug|Any CPU.ActiveCfg = Debug|Any CPU
		{C8AC6778-DDAB-4ACC-9231-FC66ABA4290A}.Debug|Any CPU.Build.0 = Debug|Any CPU
		{C8AC6778-DDAB-4ACC-9231-FC66ABA4290A}.Release|Any CPU.ActiveCfg = Release|Any CPU
		{C8AC6778-DDAB-4ACC-9231-FC66ABA4290A}.Release|Any CPU.Build.0 = Release|Any CPU
		{0D28ACA2-B908-4FC9-AB13-711F08C7B527}.Debug|Any CPU.ActiveCfg = Debug|Any CPU
		{0D28ACA2-B908-4FC9-AB13-711F08C7B527}.Debug|Any CPU.Build.0 = Debug|Any CPU
		{0D28ACA2-B908-4FC9-AB13-711F08C7B527}.Release|Any CPU.ActiveCfg = Release|Any CPU
		{0D28ACA2-B908-4FC9-AB13-711F08C7B527}.Release|Any CPU.Build.0 = Release|Any CPU
		{DA71877E-516B-4F23-AB9E-5CD245278315}.Debug|Any CPU.ActiveCfg = Debug|Any CPU
		{DA71877E-516B-4F23-AB9E-5CD245278315}.Debug|Any CPU.Build.0 = Debug|Any CPU
		{DA71877E-516B-4F23-AB9E-5CD245278315}.Release|Any CPU.ActiveCfg = Release|Any CPU
		{DA71877E-516B-4F23-AB9E-5CD245278315}.Release|Any CPU.Build.0 = Release|Any CPU
		{C94A1FBF-201D-4FF6-9E3A-9B650B178932}.Debug|Any CPU.ActiveCfg = Debug|Any CPU
		{C94A1FBF-201D-4FF6-9E3A-9B650B178932}.Debug|Any CPU.Build.0 = Debug|Any CPU
		{C94A1FBF-201D-4FF6-9E3A-9B650B178932}.Release|Any CPU.ActiveCfg = Release|Any CPU
		{C94A1FBF-201D-4FF6-9E3A-9B650B178932}.Release|Any CPU.Build.0 = Release|Any CPU
		{CC16B9EA-3A5A-4A2F-9163-0322E86EFEB1}.Debug|Any CPU.ActiveCfg = Debug|Any CPU
		{CC16B9EA-3A5A-4A2F-9163-0322E86EFEB1}.Debug|Any CPU.Build.0 = Debug|Any CPU
		{CC16B9EA-3A5A-4A2F-9163-0322E86EFEB1}.Release|Any CPU.ActiveCfg = Release|Any CPU
		{CC16B9EA-3A5A-4A2F-9163-0322E86EFEB1}.Release|Any CPU.Build.0 = Release|Any CPU
		{BD10A458-1BC8-44A4-B9FD-FB9A9E0CCC7B}.Debug|Any CPU.ActiveCfg = Debug|Any CPU
		{BD10A458-1BC8-44A4-B9FD-FB9A9E0CCC7B}.Debug|Any CPU.Build.0 = Debug|Any CPU
		{BD10A458-1BC8-44A4-B9FD-FB9A9E0CCC7B}.Release|Any CPU.ActiveCfg = Release|Any CPU
		{BD10A458-1BC8-44A4-B9FD-FB9A9E0CCC7B}.Release|Any CPU.Build.0 = Release|Any CPU
		{0C995A31-4767-4319-8FE0-5834141EC264}.Debug|Any CPU.ActiveCfg = Debug|Any CPU
		{0C995A31-4767-4319-8FE0-5834141EC264}.Debug|Any CPU.Build.0 = Debug|Any CPU
		{0C995A31-4767-4319-8FE0-5834141EC264}.Release|Any CPU.ActiveCfg = Release|Any CPU
		{0C995A31-4767-4319-8FE0-5834141EC264}.Release|Any CPU.Build.0 = Release|Any CPU
		{5A82C845-0099-4C2E-8139-41E1B45B18F7}.Debug|Any CPU.ActiveCfg = Debug|Any CPU
		{5A82C845-0099-4C2E-8139-41E1B45B18F7}.Debug|Any CPU.Build.0 = Debug|Any CPU
		{5A82C845-0099-4C2E-8139-41E1B45B18F7}.Release|Any CPU.ActiveCfg = Release|Any CPU
		{5A82C845-0099-4C2E-8139-41E1B45B18F7}.Release|Any CPU.Build.0 = Release|Any CPU
		{1F8C4238-CF7A-4D77-A4CB-AB0F31FD55C5}.Debug|Any CPU.ActiveCfg = Debug|Any CPU
		{1F8C4238-CF7A-4D77-A4CB-AB0F31FD55C5}.Debug|Any CPU.Build.0 = Debug|Any CPU
		{1F8C4238-CF7A-4D77-A4CB-AB0F31FD55C5}.Release|Any CPU.ActiveCfg = Release|Any CPU
		{1F8C4238-CF7A-4D77-A4CB-AB0F31FD55C5}.Release|Any CPU.Build.0 = Release|Any CPU
		{55E9BF51-B1EE-4749-A971-44974F6E5F45}.Debug|Any CPU.ActiveCfg = Debug|Any CPU
		{55E9BF51-B1EE-4749-A971-44974F6E5F45}.Debug|Any CPU.Build.0 = Debug|Any CPU
		{55E9BF51-B1EE-4749-A971-44974F6E5F45}.Release|Any CPU.ActiveCfg = Release|Any CPU
		{55E9BF51-B1EE-4749-A971-44974F6E5F45}.Release|Any CPU.Build.0 = Release|Any CPU
		{DB36ED31-E601-456E-8B29-90BC1F022511}.Debug|Any CPU.ActiveCfg = Debug|Any CPU
		{DB36ED31-E601-456E-8B29-90BC1F022511}.Debug|Any CPU.Build.0 = Debug|Any CPU
		{DB36ED31-E601-456E-8B29-90BC1F022511}.Release|Any CPU.ActiveCfg = Release|Any CPU
		{DB36ED31-E601-456E-8B29-90BC1F022511}.Release|Any CPU.Build.0 = Release|Any CPU
		{8DDB75FE-E02E-457C-B031-A91DB1A90190}.Debug|Any CPU.ActiveCfg = Debug|Any CPU
		{8DDB75FE-E02E-457C-B031-A91DB1A90190}.Debug|Any CPU.Build.0 = Debug|Any CPU
		{8DDB75FE-E02E-457C-B031-A91DB1A90190}.Release|Any CPU.ActiveCfg = Release|Any CPU
		{8DDB75FE-E02E-457C-B031-A91DB1A90190}.Release|Any CPU.Build.0 = Release|Any CPU
	EndGlobalSection
	GlobalSection(SolutionProperties) = preSolution
		HideSolutionNode = FALSE
	EndGlobalSection
	GlobalSection(ExtensibilityGlobals) = postSolution
		SolutionGuid = {1758B12C-E8FF-48CB-98EC-0C3149FC2BA5}
	EndGlobalSection
EndGlobal
